
Microsoft Visual Studio Solution File, Format Version 12.00
# Visual Studio 15
VisualStudioVersion = 15.0.28307.136
MinimumVisualStudioVersion = 10.0.40219.1
Project("{FAE04EC0-301F-11D3-BF4B-00C04F79EFBC}") = "TesteFinancas360", "TesteFinancas360\TesteFinancas360.csproj", "{2EB11A50-9F66-4D3B-B2CC-9A858BFB40E2}"
EndProject
Global
	GlobalSection(SolutionConfigurationPlatforms) = preSolution
		Debug|Any CPU = Debug|Any CPU
		Release|Any CPU = Release|Any CPU
	EndGlobalSection
	GlobalSection(ProjectConfigurationPlatforms) = postSolution
		{2EB11A50-9F66-4D3B-B2CC-9A858BFB40E2}.Debug|Any CPU.ActiveCfg = Debug|Any CPU
		{2EB11A50-9F66-4D3B-B2CC-9A858BFB40E2}.Debug|Any CPU.Build.0 = Debug|Any CPU
		{2EB11A50-9F66-4D3B-B2CC-9A858BFB40E2}.Release|Any CPU.ActiveCfg = Release|Any CPU
		{2EB11A50-9F66-4D3B-B2CC-9A858BFB40E2}.Release|Any CPU.Build.0 = Release|Any CPU
	EndGlobalSection
	GlobalSection(SolutionProperties) = preSolution
		HideSolutionNode = FALSE
	EndGlobalSection
	GlobalSection(ExtensibilityGlobals) = postSolution
		SolutionGuid = {96BFAD3E-A178-4730-B39A-9F3A5807ECE6}
	EndGlobalSection
EndGlobal
